
Microsoft Visual Studio Solution File, Format Version 12.00
# Visual Studio Version 17
VisualStudioVersion = 17.3.32929.385
MinimumVisualStudioVersion = 10.0.40219.1
Project("{FAE04EC0-301F-11D3-BF4B-00C04F79EFBC}") = "Intro", "Intro\Intro.csproj", "{68C3BBDA-22D5-49D5-BC31-AE0AD2D8364C}"
EndProject
Global
	GlobalSection(SolutionConfigurationPlatforms) = preSolution
		Debug|Any CPU = Debug|Any CPU
		Release|Any CPU = Release|Any CPU
	EndGlobalSection
	GlobalSection(ProjectConfigurationPlatforms) = postSolution
		{68C3BBDA-22D5-49D5-BC31-AE0AD2D8364C}.Debug|Any CPU.ActiveCfg = Debug|Any CPU
		{68C3BBDA-22D5-49D5-BC31-AE0AD2D8364C}.Debug|Any CPU.Build.0 = Debug|Any CPU
		{68C3BBDA-22D5-49D5-BC31-AE0AD2D8364C}.Release|Any CPU.ActiveCfg = Release|Any CPU
		{68C3BBDA-22D5-49D5-BC31-AE0AD2D8364C}.Release|Any CPU.Build.0 = Release|Any CPU
	EndGlobalSection
	GlobalSection(SolutionProperties) = preSolution
		HideSolutionNode = FALSE
	EndGlobalSection
	GlobalSection(ExtensibilityGlobals) = postSolution
		SolutionGuid = {81FF4DAB-E438-47A5-AAE3-7F56D421997A}
	EndGlobalSection
EndGlobal
